
Microsoft Visual Studio Solution File, Format Version 12.00
# Visual Studio Version 17
VisualStudioVersion = 17.6.33712.159
MinimumVisualStudioVersion = 10.0.40219.1
Project("{FAE04EC0-301F-11D3-BF4B-00C04F79EFBC}") = "DataGridExp", "DataGridExp\DataGridExp.csproj", "{BFDF21B4-B264-401D-935E-70183F559FC8}"
EndProject
Global
	GlobalSection(SolutionConfigurationPlatforms) = preSolution
		Debug|Any CPU = Debug|Any CPU
		Release|Any CPU = Release|Any CPU
	EndGlobalSection
	GlobalSection(ProjectConfigurationPlatforms) = postSolution
		{BFDF21B4-B264-401D-935E-70183F559FC8}.Debug|Any CPU.ActiveCfg = Debug|Any CPU
		{BFDF21B4-B264-401D-935E-70183F559FC8}.Debug|Any CPU.Build.0 = Debug|Any CPU
		{BFDF21B4-B264-401D-935E-70183F559FC8}.Release|Any CPU.ActiveCfg = Release|Any CPU
		{BFDF21B4-B264-401D-935E-70183F559FC8}.Release|Any CPU.Build.0 = Release|Any CPU
	EndGlobalSection
	GlobalSection(SolutionProperties) = preSolution
		HideSolutionNode = FALSE
	EndGlobalSection
	GlobalSection(ExtensibilityGlobals) = postSolution
		SolutionGuid = {8B4C4534-369B-4236-A8C5-9F581FAC7750}
	EndGlobalSection
EndGlobal
